
Microsoft Visual Studio Solution File, Format Version 12.00
# Visual Studio 15
VisualStudioVersion = 15.0.28307.572
MinimumVisualStudioVersion = 10.0.40219.1
Project("{9A19103F-16F7-4668-BE54-9A1E7A4F7556}") = "McFileIo", "McFileIo\McFileIo.csproj", "{DFB28FB7-512B-4861-8D77-3CF31824BB94}"
EndProject
Project("{9A19103F-16F7-4668-BE54-9A1E7A4F7556}") = "McFileIo.Test", "McFileIo.Test\McFileIo.Test.csproj", "{3D8793A7-AD27-442C-8315-50CFCB44C362}"
EndProject
Project("{FAE04EC0-301F-11D3-BF4B-00C04F79EFBC}") = "BlockSearch", "BlockSearch\BlockSearch.csproj", "{5DC01F3C-5A7E-49AB-8112-7E54A5912CA6}"
EndProject
Global
	GlobalSection(SolutionConfigurationPlatforms) = preSolution
		Debug|Any CPU = Debug|Any CPU
		Release|Any CPU = Release|Any CPU
	EndGlobalSection
	GlobalSection(ProjectConfigurationPlatforms) = postSolution
		{DFB28FB7-512B-4861-8D77-3CF31824BB94}.Debug|Any CPU.ActiveCfg = Debug|Any CPU
		{DFB28FB7-512B-4861-8D77-3CF31824BB94}.Debug|Any CPU.Build.0 = Debug|Any CPU
		{DFB28FB7-512B-4861-8D77-3CF31824BB94}.Release|Any CPU.ActiveCfg = Release|Any CPU
		{DFB28FB7-512B-4861-8D77-3CF31824BB94}.Release|Any CPU.Build.0 = Release|Any CPU
		{3D8793A7-AD27-442C-8315-50CFCB44C362}.Debug|Any CPU.ActiveCfg = Debug|Any CPU
		{3D8793A7-AD27-442C-8315-50CFCB44C362}.Debug|Any CPU.Build.0 = Debug|Any CPU
		{3D8793A7-AD27-442C-8315-50CFCB44C362}.Release|Any CPU.ActiveCfg = Release|Any CPU
		{3D8793A7-AD27-442C-8315-50CFCB44C362}.Release|Any CPU.Build.0 = Release|Any CPU
		{5DC01F3C-5A7E-49AB-8112-7E54A5912CA6}.Debug|Any CPU.ActiveCfg = Debug|Any CPU
		{5DC01F3C-5A7E-49AB-8112-7E54A5912CA6}.Debug|Any CPU.Build.0 = Debug|Any CPU
		{5DC01F3C-5A7E-49AB-8112-7E54A5912CA6}.Release|Any CPU.ActiveCfg = Release|Any CPU
		{5DC01F3C-5A7E-49AB-8112-7E54A5912CA6}.Release|Any CPU.Build.0 = Release|Any CPU
	EndGlobalSection
	GlobalSection(SolutionProperties) = preSolution
		HideSolutionNode = FALSE
	EndGlobalSection
	GlobalSection(ExtensibilityGlobals) = postSolution
		SolutionGuid = {8A66DA00-7D91-418C-B405-658E6A0AD8F1}
	EndGlobalSection
EndGlobal
